
Microsoft Visual Studio Solution File, Format Version 12.00
# Visual Studio 14
VisualStudioVersion = 14.0.24720.0
MinimumVisualStudioVersion = 10.0.40219.1
Project("{8BC9CEB8-8B4A-11D0-8D11-00A0C91BC942}") = "Day 0 - Print Hello World!", "30 Days of Code\30 Days of Code.vcxproj", "{C8B239F8-6C12-4AA1-BEAE-CB6B1A60D82E}"
EndProject
Project("{8BC9CEB8-8B4A-11D0-8D11-00A0C91BC942}") = "Day 1 - Data Types", "Day 1 - Data Types\Day 1 - Data Types.vcxproj", "{01A4C4DC-0823-4FDA-80FC-937D43594DE6}"
EndProject
Project("{8BC9CEB8-8B4A-11D0-8D11-00A0C91BC942}") = "Day 2 - Arithmetic", "Day 2 - Arithmetic\Day 2 - Arithmetic.vcxproj", "{FBBEC168-532C-4482-83C6-66EBA8EEB108}"
EndProject
Project("{8BC9CEB8-8B4A-11D0-8D11-00A0C91BC942}") = "Day 3 - If - Else Statement", "Day 3 - If - Else Statement\Day 3 - If - Else Statement.vcxproj", "{F71C24B4-35E6-4EB3-B067-1F99F676C869}"
EndProject
Project("{8BC9CEB8-8B4A-11D0-8D11-00A0C91BC942}") = "Day 4 - Logical Operators + Class vs. Instance!", "Day 4 - Logical Operators + Class vs. Instance!\Day 4 - Logical Operators + Class vs. Instance!.vcxproj", "{B30DB473-0395-46D3-A110-0D64CF951027}"
EndProject
Project("{8BC9CEB8-8B4A-11D0-8D11-00A0C91BC942}") = "Day 5 - Loops!", "Day 5 - Loops!\Day 5 - Loops!.vcxproj", "{08437B1F-34B3-4234-86EF-BB43F895D0F3}"
EndProject
Project("{8BC9CEB8-8B4A-11D0-8D11-00A0C91BC942}") = "Day 6 - Let's Review!", "Day 6 - Let's Review!\Day 6 - Let's Review!.vcxproj", "{1A8B58F1-DF3B-4D34-8BAE-5F06A8BCA5AF}"
EndProject
Global
	GlobalSection(SolutionConfigurationPlatforms) = preSolution
		Debug|x64 = Debug|x64
		Debug|x86 = Debug|x86
		Release|x64 = Release|x64
		Release|x86 = Release|x86
	EndGlobalSection
	GlobalSection(ProjectConfigurationPlatforms) = postSolution
		{C8B239F8-6C12-4AA1-BEAE-CB6B1A60D82E}.Debug|x64.ActiveCfg = Debug|x64
		{C8B239F8-6C12-4AA1-BEAE-CB6B1A60D82E}.Debug|x64.Build.0 = Debug|x64
		{C8B239F8-6C12-4AA1-BEAE-CB6B1A60D82E}.Debug|x86.ActiveCfg = Debug|Win32
		{C8B239F8-6C12-4AA1-BEAE-CB6B1A60D82E}.Debug|x86.Build.0 = Debug|Win32
		{C8B239F8-6C12-4AA1-BEAE-CB6B1A60D82E}.Release|x64.ActiveCfg = Release|x64
		{C8B239F8-6C12-4AA1-BEAE-CB6B1A60D82E}.Release|x64.Build.0 = Release|x64
		{C8B239F8-6C12-4AA1-BEAE-CB6B1A60D82E}.Release|x86.ActiveCfg = Release|Win32
		{C8B239F8-6C12-4AA1-BEAE-CB6B1A60D82E}.Release|x86.Build.0 = Release|Win32
		{01A4C4DC-0823-4FDA-80FC-937D43594DE6}.Debug|x64.ActiveCfg = Debug|x64
		{01A4C4DC-0823-4FDA-80FC-937D43594DE6}.Debug|x64.Build.0 = Debug|x64
		{01A4C4DC-0823-4FDA-80FC-937D43594DE6}.Debug|x86.ActiveCfg = Debug|Win32
		{01A4C4DC-0823-4FDA-80FC-937D43594DE6}.Debug|x86.Build.0 = Debug|Win32
		{01A4C4DC-0823-4FDA-80FC-937D43594DE6}.Release|x64.ActiveCfg = Release|x64
		{01A4C4DC-0823-4FDA-80FC-937D43594DE6}.Release|x64.Build.0 = Release|x64
		{01A4C4DC-0823-4FDA-80FC-937D43594DE6}.Release|x86.ActiveCfg = Release|Win32
		{01A4C4DC-0823-4FDA-80FC-937D43594DE6}.Release|x86.Build.0 = Release|Win32
		{FBBEC168-532C-4482-83C6-66EBA8EEB108}.Debug|x64.ActiveCfg = Debug|x64
		{FBBEC168-532C-4482-83C6-66EBA8EEB108}.Debug|x64.Build.0 = Debug|x64
		{FBBEC168-532C-4482-83C6-66EBA8EEB108}.Debug|x86.ActiveCfg = Debug|Win32
		{FBBEC168-532C-4482-83C6-66EBA8EEB108}.Debug|x86.Build.0 = Debug|Win32
		{FBBEC168-532C-4482-83C6-66EBA8EEB108}.Release|x64.ActiveCfg = Release|x64
		{FBBEC168-532C-4482-83C6-66EBA8EEB108}.Release|x64.Build.0 = Release|x64
		{FBBEC168-532C-4482-83C6-66EBA8EEB108}.Release|x86.ActiveCfg = Release|Win32
		{FBBEC168-532C-4482-83C6-66EBA8EEB108}.Release|x86.Build.0 = Release|Win32
		{F71C24B4-35E6-4EB3-B067-1F99F676C869}.Debug|x64.ActiveCfg = Debug|x64
		{F71C24B4-35E6-4EB3-B067-1F99F676C869}.Debug|x64.Build.0 = Debug|x64
		{F71C24B4-35E6-4EB3-B067-1F99F676C869}.Debug|x86.ActiveCfg = Debug|Win32
		{F71C24B4-35E6-4EB3-B067-1F99F676C869}.Debug|x86.Build.0 = Debug|Win32
		{F71C24B4-35E6-4EB3-B067-1F99F676C869}.Release|x64.ActiveCfg = Release|x64
		{F71C24B4-35E6-4EB3-B067-1F99F676C869}.Release|x64.Build.0 = Release|x64
		{F71C24B4-35E6-4EB3-B067-1F99F676C869}.Release|x86.ActiveCfg = Release|Win32
		{F71C24B4-35E6-4EB3-B067-1F99F676C869}.Release|x86.Build.0 = Release|Win32
		{B30DB473-0395-46D3-A110-0D64CF951027}.Debug|x64.ActiveCfg = Debug|x64
		{B30DB473-0395-46D3-A110-0D64CF951027}.Debug|x64.Build.0 = Debug|x64
		{B30DB473-0395-46D3-A110-0D64CF951027}.Debug|x86.ActiveCfg = Debug|Win32
		{B30DB473-0395-46D3-A110-0D64CF951027}.Debug|x86.Build.0 = Debug|Win32
		{B30DB473-0395-46D3-A110-0D64CF951027}.Release|x64.ActiveCfg = Release|x64
		{B30DB473-0395-46D3-A110-0D64CF951027}.Release|x64.Build.0 = Release|x64
		{B30DB473-0395-46D3-A110-0D64CF951027}.Release|x86.ActiveCfg = Release|Win32
		{B30DB473-0395-46D3-A110-0D64CF951027}.Release|x86.Build.0 = Release|Win32
		{08437B1F-34B3-4234-86EF-BB43F895D0F3}.Debug|x64.ActiveCfg = Debug|x64
		{08437B1F-34B3-4234-86EF-BB43F895D0F3}.Debug|x64.Build.0 = Debug|x64
		{08437B1F-34B3-4234-86EF-BB43F895D0F3}.Debug|x86.ActiveCfg = Debug|Win32
		{08437B1F-34B3-4234-86EF-BB43F895D0F3}.Debug|x86.Build.0 = Debug|Win32
		{08437B1F-34B3-4234-86EF-BB43F895D0F3}.Release|x64.ActiveCfg = Release|x64
		{08437B1F-34B3-4234-86EF-BB43F895D0F3}.Release|x64.Build.0 = Release|x64
		{08437B1F-34B3-4234-86EF-BB43F895D0F3}.Release|x86.ActiveCfg = Release|Win32
		{08437B1F-34B3-4234-86EF-BB43F895D0F3}.Release|x86.Build.0 = Release|Win32
		{1A8B58F1-DF3B-4D34-8BAE-5F06A8BCA5AF}.Debug|x64.ActiveCfg = Debug|x64
		{1A8B58F1-DF3B-4D34-8BAE-5F06A8BCA5AF}.Debug|x64.Build.0 = Debug|x64
		{1A8B58F1-DF3B-4D34-8BAE-5F06A8BCA5AF}.Debug|x86.ActiveCfg = Debug|Win32
		{1A8B58F1-DF3B-4D34-8BAE-5F06A8BCA5AF}.Debug|x86.Build.0 = Debug|Win32
		{1A8B58F1-DF3B-4D34-8BAE-5F06A8BCA5AF}.Release|x64.ActiveCfg = Release|x64
		{1A8B58F1-DF3B-4D34-8BAE-5F06A8BCA5AF}.Release|x64.Build.0 = Release|x64
		{1A8B58F1-DF3B-4D34-8BAE-5F06A8BCA5AF}.Release|x86.ActiveCfg = Release|Win32
		{1A8B58F1-DF3B-4D34-8BAE-5F06A8BCA5AF}.Release|x86.Build.0 = Release|Win32
	EndGlobalSection
	GlobalSection(SolutionProperties) = preSolution
		HideSolutionNode = FALSE
	EndGlobalSection
EndGlobal
